
Microsoft Visual Studio Solution File, Format Version 12.00
# Visual Studio 15
VisualStudioVersion = 15.0.26124.0
MinimumVisualStudioVersion = 15.0.26124.0
Project("{2150E333-8FDC-42A3-9474-1A3956D46DE8}") = "src", "src", "{7D6ED1D3-E9F6-4B70-A5ED-88DB02007581}"
EndProject
Project("{9A19103F-16F7-4668-BE54-9A1E7A4F7556}") = "P3.Konsole", "src\P3.Konsole\P3.Konsole.csproj", "{FB19B293-4BEF-4C3E-BEAC-F10B02607192}"
EndProject
Project("{2150E333-8FDC-42A3-9474-1A3956D46DE8}") = "tests", "tests", "{790E0CBE-DA68-404F-BED7-41EC7559BE2C}"
EndProject
Project("{2150E333-8FDC-42A3-9474-1A3956D46DE8}") = "examples", "examples", "{47100BC2-6B2C-42FF-A40A-B3774A320F10}"
EndProject
Project("{9A19103F-16F7-4668-BE54-9A1E7A4F7556}") = "ExampleCli", "examples\ExampleCli\ExampleCli.csproj", "{D9552BCD-8F2B-4A8F-BDE4-B03C57E1687A}"
EndProject
Project("{9A19103F-16F7-4668-BE54-9A1E7A4F7556}") = "P3.Konsole.Tests", "tests\P3.Konsole.Tests\P3.Konsole.Tests.csproj", "{3B2CAD41-A9B7-497B-90BE-42CDCD939B60}"
EndProject
Global
	GlobalSection(SolutionConfigurationPlatforms) = preSolution
		Debug|Any CPU = Debug|Any CPU
		Debug|x64 = Debug|x64
		Debug|x86 = Debug|x86
		Release|Any CPU = Release|Any CPU
		Release|x64 = Release|x64
		Release|x86 = Release|x86
	EndGlobalSection
	GlobalSection(ProjectConfigurationPlatforms) = postSolution
		{FB19B293-4BEF-4C3E-BEAC-F10B02607192}.Debug|Any CPU.ActiveCfg = Debug|Any CPU
		{FB19B293-4BEF-4C3E-BEAC-F10B02607192}.Debug|Any CPU.Build.0 = Debug|Any CPU
		{FB19B293-4BEF-4C3E-BEAC-F10B02607192}.Debug|x64.ActiveCfg = Debug|Any CPU
		{FB19B293-4BEF-4C3E-BEAC-F10B02607192}.Debug|x64.Build.0 = Debug|Any CPU
		{FB19B293-4BEF-4C3E-BEAC-F10B02607192}.Debug|x86.ActiveCfg = Debug|Any CPU
		{FB19B293-4BEF-4C3E-BEAC-F10B02607192}.Debug|x86.Build.0 = Debug|Any CPU
		{FB19B293-4BEF-4C3E-BEAC-F10B02607192}.Release|Any CPU.ActiveCfg = Release|Any CPU
		{FB19B293-4BEF-4C3E-BEAC-F10B02607192}.Release|Any CPU.Build.0 = Release|Any CPU
		{FB19B293-4BEF-4C3E-BEAC-F10B02607192}.Release|x64.ActiveCfg = Release|Any CPU
		{FB19B293-4BEF-4C3E-BEAC-F10B02607192}.Release|x64.Build.0 = Release|Any CPU
		{FB19B293-4BEF-4C3E-BEAC-F10B02607192}.Release|x86.ActiveCfg = Release|Any CPU
		{FB19B293-4BEF-4C3E-BEAC-F10B02607192}.Release|x86.Build.0 = Release|Any CPU
		{D9552BCD-8F2B-4A8F-BDE4-B03C57E1687A}.Debug|Any CPU.ActiveCfg = Debug|Any CPU
		{D9552BCD-8F2B-4A8F-BDE4-B03C57E1687A}.Debug|Any CPU.Build.0 = Debug|Any CPU
		{D9552BCD-8F2B-4A8F-BDE4-B03C57E1687A}.Debug|x64.ActiveCfg = Debug|Any CPU
		{D9552BCD-8F2B-4A8F-BDE4-B03C57E1687A}.Debug|x64.Build.0 = Debug|Any CPU
		{D9552BCD-8F2B-4A8F-BDE4-B03C57E1687A}.Debug|x86.ActiveCfg = Debug|Any CPU
		{D9552BCD-8F2B-4A8F-BDE4-B03C57E1687A}.Debug|x86.Build.0 = Debug|Any CPU
		{D9552BCD-8F2B-4A8F-BDE4-B03C57E1687A}.Release|Any CPU.ActiveCfg = Release|Any CPU
		{D9552BCD-8F2B-4A8F-BDE4-B03C57E1687A}.Release|Any CPU.Build.0 = Release|Any CPU
		{D9552BCD-8F2B-4A8F-BDE4-B03C57E1687A}.Release|x64.ActiveCfg = Release|Any CPU
		{D9552BCD-8F2B-4A8F-BDE4-B03C57E1687A}.Release|x64.Build.0 = Release|Any CPU
		{D9552BCD-8F2B-4A8F-BDE4-B03C57E1687A}.Release|x86.ActiveCfg = Release|Any CPU
		{D9552BCD-8F2B-4A8F-BDE4-B03C57E1687A}.Release|x86.Build.0 = Release|Any CPU
		{3B2CAD41-A9B7-497B-90BE-42CDCD939B60}.Debug|Any CPU.ActiveCfg = Debug|Any CPU
		{3B2CAD41-A9B7-497B-90BE-42CDCD939B60}.Debug|Any CPU.Build.0 = Debug|Any CPU
		{3B2CAD41-A9B7-497B-90BE-42CDCD939B60}.Debug|x64.ActiveCfg = Debug|Any CPU
		{3B2CAD41-A9B7-497B-90BE-42CDCD939B60}.Debug|x64.Build.0 = Debug|Any CPU
		{3B2CAD41-A9B7-497B-90BE-42CDCD939B60}.Debug|x86.ActiveCfg = Debug|Any CPU
		{3B2CAD41-A9B7-497B-90BE-42CDCD939B60}.Debug|x86.Build.0 = Debug|Any CPU
		{3B2CAD41-A9B7-497B-90BE-42CDCD939B60}.Release|Any CPU.ActiveCfg = Release|Any CPU
		{3B2CAD41-A9B7-497B-90BE-42CDCD939B60}.Release|Any CPU.Build.0 = Release|Any CPU
		{3B2CAD41-A9B7-497B-90BE-42CDCD939B60}.Release|x64.ActiveCfg = Release|Any CPU
		{3B2CAD41-A9B7-497B-90BE-42CDCD939B60}.Release|x64.Build.0 = Release|Any CPU
		{3B2CAD41-A9B7-497B-90BE-42CDCD939B60}.Release|x86.ActiveCfg = Release|Any CPU
		{3B2CAD41-A9B7-497B-90BE-42CDCD939B60}.Release|x86.Build.0 = Release|Any CPU
	EndGlobalSection
	GlobalSection(SolutionProperties) = preSolution
		HideSolutionNode = FALSE
	EndGlobalSection
	GlobalSection(NestedProjects) = preSolution
		{FB19B293-4BEF-4C3E-BEAC-F10B02607192} = {7D6ED1D3-E9F6-4B70-A5ED-88DB02007581}
		{D9552BCD-8F2B-4A8F-BDE4-B03C57E1687A} = {47100BC2-6B2C-42FF-A40A-B3774A320F10}
		{3B2CAD41-A9B7-497B-90BE-42CDCD939B60} = {790E0CBE-DA68-404F-BED7-41EC7559BE2C}
	EndGlobalSection
	GlobalSection(ExtensibilityGlobals) = postSolution
		SolutionGuid = {E08AE06E-E323-4FDA-B5EF-7D20B268D37F}
	EndGlobalSection
EndGlobal
